// !$*UTF8*$!
{
	archiveVersion = 1;
	classes = {
	};
	objectVersion = 56;
	objects = {

/* Begin PBXBuildFile section */
		907BAE4B2A2B0D720007AD4D /* User.swift in Sources */ = {isa = PBXBuildFile; fileRef = 907BAE4A2A2B0D720007AD4D /* User.swift */; };
		909679072A2AE14E0080CB6E /* ArchitectureApp.swift in Sources */ = {isa = PBXBuildFile; fileRef = 909679062A2AE14E0080CB6E /* ArchitectureApp.swift */; };
		909679092A2AE14E0080CB6E /* ContentView.swift in Sources */ = {isa = PBXBuildFile; fileRef = 909679082A2AE14E0080CB6E /* ContentView.swift */; };
		9096790B2A2AE14F0080CB6E /* Assets.xcassets in Resources */ = {isa = PBXBuildFile; fileRef = 9096790A2A2AE14F0080CB6E /* Assets.xcassets */; };
		9096790E2A2AE14F0080CB6E /* Preview Assets.xcassets in Resources */ = {isa = PBXBuildFile; fileRef = 9096790D2A2AE14F0080CB6E /* Preview Assets.xcassets */; };
		909679182A2AE19C0080CB6E /* ListView.swift in Sources */ = {isa = PBXBuildFile; fileRef = 909679172A2AE19C0080CB6E /* ListView.swift */; };
		9096791A2A2AE1A30080CB6E /* DetailVIew.swift in Sources */ = {isa = PBXBuildFile; fileRef = 909679192A2AE1A30080CB6E /* DetailVIew.swift */; };
		9096791C2A2AE1AC0080CB6E /* SettingView.swift in Sources */ = {isa = PBXBuildFile; fileRef = 9096791B2A2AE1AC0080CB6E /* SettingView.swift */; };
		9096791F2A2AE1CF0080CB6E /* EditView.swift in Sources */ = {isa = PBXBuildFile; fileRef = 9096791E2A2AE1CF0080CB6E /* EditView.swift */; };
		909679222A2AE3830080CB6E /* Document.swift in Sources */ = {isa = PBXBuildFile; fileRef = 909679212A2AE3830080CB6E /* Document.swift */; };
		909679272A2AE45F0080CB6E /* ModelData.swift in Sources */ = {isa = PBXBuildFile; fileRef = 909679262A2AE45F0080CB6E /* ModelData.swift */; };
/* End PBXBuildFile section */

/* Begin PBXFileReference section */
		907BAE4A2A2B0D720007AD4D /* User.swift */ = {isa = PBXFileReference; lastKnownFileType = sourcecode.swift; path = User.swift; sourceTree = "<group>"; };
		909679032A2AE14E0080CB6E /* Architecture.app */ = {isa = PBXFileReference; explicitFileType = wrapper.application; includeInIndex = 0; path = Architecture.app; sourceTree = BUILT_PRODUCTS_DIR; };
		909679062A2AE14E0080CB6E /* ArchitectureApp.swift */ = {isa = PBXFileReference; lastKnownFileType = sourcecode.swift; path = ArchitectureApp.swift; sourceTree = "<group>"; };
		909679082A2AE14E0080CB6E /* ContentView.swift */ = {isa = PBXFileReference; lastKnownFileType = sourcecode.swift; path = ContentView.swift; sourceTree = "<group>"; };
		9096790A2A2AE14F0080CB6E /* Assets.xcassets */ = {isa = PBXFileReference; lastKnownFileType = folder.assetcatalog; path = Assets.xcassets; sourceTree = "<group>"; };
		9096790D2A2AE14F0080CB6E /* Preview Assets.xcassets */ = {isa = PBXFileReference; lastKnownFileType = folder.assetcatalog; path = "Preview Assets.xcassets"; sourceTree = "<group>"; };
		909679172A2AE19C0080CB6E /* ListView.swift */ = {isa = PBXFileReference; lastKnownFileType = sourcecode.swift; path = ListView.swift; sourceTree = "<group>"; };
		909679192A2AE1A30080CB6E /* DetailVIew.swift */ = {isa = PBXFileReference; lastKnownFileType = sourcecode.swift; path = DetailVIew.swift; sourceTree = "<group>"; };
		9096791B2A2AE1AC0080CB6E /* SettingView.swift */ = {isa = PBXFileReference; lastKnownFileType = sourcecode.swift; path = SettingView.swift; sourceTree = "<group>"; };
		9096791E2A2AE1CF0080CB6E /* EditView.swift */ = {isa = PBXFileReference; lastKnownFileType = sourcecode.swift; path = EditView.swift; sourceTree = "<group>"; };
		909679212A2AE3830080CB6E /* Document.swift */ = {isa = PBXFileReference; lastKnownFileType = sourcecode.swift; path = Document.swift; sourceTree = "<group>"; };
		909679262A2AE45F0080CB6E /* ModelData.swift */ = {isa = PBXFileReference; lastKnownFileType = sourcecode.swift; path = ModelData.swift; sourceTree = "<group>"; };
/* End PBXFileReference section */

/* Begin PBXFrameworksBuildPhase section */
		909679002A2AE14E0080CB6E /* Frameworks */ = {
			isa = PBXFrameworksBuildPhase;
			buildActionMask = 2147483647;
			files = (
			);
			runOnlyForDeploymentPostprocessing = 0;
		};
/* End PBXFrameworksBuildPhase section */

/* Begin PBXGroup section */
		907BAE4C2A2B0F490007AD4D /* List */ = {
			isa = PBXGroup;
			children = (
				909679172A2AE19C0080CB6E /* ListView.swift */,
				909679192A2AE1A30080CB6E /* DetailVIew.swift */,
				9096791E2A2AE1CF0080CB6E /* EditView.swift */,
			);
			path = List;
			sourceTree = "<group>";
		};
		907BAE4D2A2B0F550007AD4D /* Setting */ = {
			isa = PBXGroup;
			children = (
				9096791B2A2AE1AC0080CB6E /* SettingView.swift */,
			);
			path = Setting;
			sourceTree = "<group>";
		};
		909678FA2A2AE14E0080CB6E = {
			isa = PBXGroup;
			children = (
				909679052A2AE14E0080CB6E /* Architecture */,
				909679042A2AE14E0080CB6E /* Products */,
			);
			sourceTree = "<group>";
		};
		909679042A2AE14E0080CB6E /* Products */ = {
			isa = PBXGroup;
			children = (
				909679032A2AE14E0080CB6E /* Architecture.app */,
			);
			name = Products;
			sourceTree = "<group>";
		};
		909679052A2AE14E0080CB6E /* Architecture */ = {
			isa = PBXGroup;
			children = (
				909679062A2AE14E0080CB6E /* ArchitectureApp.swift */,
				909679082A2AE14E0080CB6E /* ContentView.swift */,
				909679232A2AE4280080CB6E /* ModelData */,
				909679202A2AE36F0080CB6E /* Models */,
				909679242A2AE4310080CB6E /* Views */,
				9096790A2A2AE14F0080CB6E /* Assets.xcassets */,
				9096790C2A2AE14F0080CB6E /* Preview Content */,
			);
			path = Architecture;
			sourceTree = "<group>";
		};
		9096790C2A2AE14F0080CB6E /* Preview Content */ = {
			isa = PBXGroup;
			children = (
				9096790D2A2AE14F0080CB6E /* Preview Assets.xcassets */,
			);
			path = "Preview Content";
			sourceTree = "<group>";
		};
		909679202A2AE36F0080CB6E /* Models */ = {
			isa = PBXGroup;
			children = (
				909679212A2AE3830080CB6E /* Document.swift */,
				907BAE4A2A2B0D720007AD4D /* User.swift */,
			);
			path = Models;
			sourceTree = "<group>";
		};
		909679232A2AE4280080CB6E /* ModelData */ = {
			isa = PBXGroup;
			children = (
				909679262A2AE45F0080CB6E /* ModelData.swift */,
			);
			path = ModelData;
			sourceTree = "<group>";
		};
		909679242A2AE4310080CB6E /* Views */ = {
			isa = PBXGroup;
			children = (
				907BAE4C2A2B0F490007AD4D /* List */,
				907BAE4D2A2B0F550007AD4D /* Setting */,
			);
			path = Views;
			sourceTree = "<group>";
		};
/* End PBXGroup section */

/* Begin PBXNativeTarget section */
		909679022A2AE14E0080CB6E /* Architecture */ = {
			isa = PBXNativeTarget;
			buildConfigurationList = 909679112A2AE14F0080CB6E /* Build configuration list for PBXNativeTarget "Architecture" */;
			buildPhases = (
				909678FF2A2AE14E0080CB6E /* Sources */,
				909679002A2AE14E0080CB6E /* Frameworks */,
				909679012A2AE14E0080CB6E /* Resources */,
			);
			buildRules = (
			);
			dependencies = (
			);
			name = Architecture;
			productName = Architecture;
			productReference = 909679032A2AE14E0080CB6E /* Architecture.app */;
			productType = "com.apple.product-type.application";
		};
/* End PBXNativeTarget section */

/* Begin PBXProject section */
		909678FB2A2AE14E0080CB6E /* Project object */ = {
			isa = PBXProject;
			attributes = {
				BuildIndependentTargetsInParallel = 1;
				LastSwiftUpdateCheck = 1430;
				LastUpgradeCheck = 1430;
				TargetAttributes = {
					909679022A2AE14E0080CB6E = {
						CreatedOnToolsVersion = 14.3;
					};
				};
			};
			buildConfigurationList = 909678FE2A2AE14E0080CB6E /* Build configuration list for PBXProject "Architecture" */;
			compatibilityVersion = "Xcode 14.0";
			developmentRegion = en;
			hasScannedForEncodings = 0;
			knownRegions = (
				en,
				Base,
			);
			mainGroup = 909678FA2A2AE14E0080CB6E;
			productRefGroup = 909679042A2AE14E0080CB6E /* Products */;
			projectDirPath = "";
			projectRoot = "";
			targets = (
				909679022A2AE14E0080CB6E /* Architecture */,
			);
		};
/* End PBXProject section */

/* Begin PBXResourcesBuildPhase section */
		909679012A2AE14E0080CB6E /* Resources */ = {
			isa = PBXResourcesBuildPhase;
			buildActionMask = 2147483647;
			files = (
				9096790E2A2AE14F0080CB6E /* Preview Assets.xcassets in Resources */,
				9096790B2A2AE14F0080CB6E /* Assets.xcassets in Resources */,
			);
			runOnlyForDeploymentPostprocessing = 0;
		};
/* End PBXResourcesBuildPhase section */

/* Begin PBXSourcesBuildPhase section */
		909678FF2A2AE14E0080CB6E /* Sources */ = {
			isa = PBXSourcesBuildPhase;
			buildActionMask = 2147483647;
			files = (
				909679092A2AE14E0080CB6E /* ContentView.swift in Sources */,
				9096791C2A2AE1AC0080CB6E /* SettingView.swift in Sources */,
				9096791A2A2AE1A30080CB6E /* DetailVIew.swift in Sources */,
				909679072A2AE14E0080CB6E /* ArchitectureApp.swift in Sources */,
				907BAE4B2A2B0D720007AD4D /* User.swift in Sources */,
				909679272A2AE45F0080CB6E /* ModelData.swift in Sources */,
				909679182A2AE19C0080CB6E /* ListView.swift in Sources */,
				909679222A2AE3830080CB6E /* Document.swift in Sources */,
				9096791F2A2AE1CF0080CB6E /* EditView.swift in Sources */,
			);
			runOnlyForDeploymentPostprocessing = 0;
		};
/* End PBXSourcesBuildPhase section */

/* Begin XCBuildConfiguration section */
		9096790F2A2AE14F0080CB6E /* Debug */ = {
			isa = XCBuildConfiguration;
			buildSettings = {
				ALWAYS_SEARCH_USER_PATHS = NO;
				CLANG_ANALYZER_NONNULL = YES;
				CLANG_ANALYZER_NUMBER_OBJECT_CONVERSION = YES_AGGRESSIVE;
				CLANG_CXX_LANGUAGE_STANDARD = "gnu++20";
				CLANG_ENABLE_MODULES = YES;
				CLANG_ENABLE_OBJC_ARC = YES;
				CLANG_ENABLE_OBJC_WEAK = YES;
				CLANG_WARN_BLOCK_CAPTURE_AUTORELEASING = YES;
				CLANG_WARN_BOOL_CONVERSION = YES;
				CLANG_WARN_COMMA = YES;
				CLANG_WARN_CONSTANT_CONVERSION = YES;
				CLANG_WARN_DEPRECATED_OBJC_IMPLEMENTATIONS = YES;
				CLANG_WARN_DIRECT_OBJC_ISA_USAGE = YES_ERROR;
				CLANG_WARN_DOCUMENTATION_COMMENTS = YES;
				CLANG_WARN_EMPTY_BODY = YES;
				CLANG_WARN_ENUM_CONVERSION = YES;
				CLANG_WARN_INFINITE_RECURSION = YES;
				CLANG_WARN_INT_CONVERSION = YES;
				CLANG_WARN_NON_LITERAL_NULL_CONVERSION = YES;
				CLANG_WARN_OBJC_IMPLICIT_RETAIN_SELF = YES;
				CLANG_WARN_OBJC_LITERAL_CONVERSION = YES;
				CLANG_WARN_OBJC_ROOT_CLASS = YES_ERROR;
				CLANG_WARN_QUOTED_INCLUDE_IN_FRAMEWORK_HEADER = YES;
				CLANG_WARN_RANGE_LOOP_ANALYSIS = YES;
				CLANG_WARN_STRICT_PROTOTYPES = YES;
				CLANG_WARN_SUSPICIOUS_MOVE = YES;
				CLANG_WARN_UNGUARDED_AVAILABILITY = YES_AGGRESSIVE;
				CLANG_WARN_UNREACHABLE_CODE = YES;
				CLANG_WARN__DUPLICATE_METHOD_MATCH = YES;
				COPY_PHASE_STRIP = NO;
				DEBUG_INFORMATION_FORMAT = dwarf;
				ENABLE_STRICT_OBJC_MSGSEND = YES;
				ENABLE_TESTABILITY = YES;
				GCC_C_LANGUAGE_STANDARD = gnu11;
				GCC_DYNAMIC_NO_PIC = NO;
				GCC_NO_COMMON_BLOCKS = YES;
				GCC_OPTIMIZATION_LEVEL = 0;
				GCC_PREPROCESSOR_DEFINITIONS = (
					"DEBUG=1",
					"$(inherited)",
				);
				GCC_WARN_64_TO_32_BIT_CONVERSION = YES;
				GCC_WARN_ABOUT_RETURN_TYPE = YES_ERROR;
				GCC_WARN_UNDECLARED_SELECTOR = YES;
				GCC_WARN_UNINITIALIZED_AUTOS = YES_AGGRESSIVE;
				GCC_WARN_UNUSED_FUNCTION = YES;
				GCC_WARN_UNUSED_VARIABLE = YES;
				IPHONEOS_DEPLOYMENT_TARGET = 16.4;
				MTL_ENABLE_DEBUG_INFO = INCLUDE_SOURCE;
				MTL_FAST_MATH = YES;
				ONLY_ACTIVE_ARCH = YES;
				SDKROOT = iphoneos;
				SWIFT_ACTIVE_COMPILATION_CONDITIONS = DEBUG;
				SWIFT_OPTIMIZATION_LEVEL = "-Onone";
			};
			name = Debug;
		};
		909679102A2AE14F0080CB6E /* Release */ = {
			isa = XCBuildConfiguration;
			buildSettings = {
				ALWAYS_SEARCH_USER_PATHS = NO;
				CLANG_ANALYZER_NONNULL = YES;
				CLANG_ANALYZER_NUMBER_OBJECT_CONVERSION = YES_AGGRESSIVE;
				CLANG_CXX_LANGUAGE_STANDARD = "gnu++20";
				CLANG_ENABLE_MODULES = YES;
				CLANG_ENABLE_OBJC_ARC = YES;
				CLANG_ENABLE_OBJC_WEAK = YES;
				CLANG_WARN_BLOCK_CAPTURE_AUTORELEASING = YES;
				CLANG_WARN_BOOL_CONVERSION = YES;
				CLANG_WARN_COMMA = YES;
				CLANG_WARN_CONSTANT_CONVERSION = YES;
				CLANG_WARN_DEPRECATED_OBJC_IMPLEMENTATIONS = YES;
				CLANG_WARN_DIRECT_OBJC_ISA_USAGE = YES_ERROR;
				CLANG_WARN_DOCUMENTATION_COMMENTS = YES;
				CLANG_WARN_EMPTY_BODY = YES;
				CLANG_WARN_ENUM_CONVERSION = YES;
				CLANG_WARN_INFINITE_RECURSION = YES;
				CLANG_WARN_INT_CONVERSION = YES;
				CLANG_WARN_NON_LITERAL_NULL_CONVERSION = YES;
				CLANG_WARN_OBJC_IMPLICIT_RETAIN_SELF = YES;
				CLANG_WARN_OBJC_LITERAL_CONVERSION = YES;
				CLANG_WARN_OBJC_ROOT_CLASS = YES_ERROR;
				CLANG_WARN_QUOTED_INCLUDE_IN_FRAMEWORK_HEADER = YES;
				CLANG_WARN_RANGE_LOOP_ANALYSIS = YES;
				CLANG_WARN_STRICT_PROTOTYPES = YES;
				CLANG_WARN_SUSPICIOUS_MOVE = YES;
				CLANG_WARN_UNGUARDED_AVAILABILITY = YES_AGGRESSIVE;
				CLANG_WARN_UNREACHABLE_CODE = YES;
				CLANG_WARN__DUPLICATE_METHOD_MATCH = YES;
				COPY_PHASE_STRIP = NO;
				DEBUG_INFORMATION_FORMAT = "dwarf-with-dsym";
				ENABLE_NS_ASSERTIONS = NO;
				ENABLE_STRICT_OBJC_MSGSEND = YES;
				GCC_C_LANGUAGE_STANDARD = gnu11;
				GCC_NO_COMMON_BLOCKS = YES;
				GCC_WARN_64_TO_32_BIT_CONVERSION = YES;
				GCC_WARN_ABOUT_RETURN_TYPE = YES_ERROR;
				GCC_WARN_UNDECLARED_SELECTOR = YES;
				GCC_WARN_UNINITIALIZED_AUTOS = YES_AGGRESSIVE;
				GCC_WARN_UNUSED_FUNCTION = YES;
				GCC_WARN_UNUSED_VARIABLE = YES;
				IPHONEOS_DEPLOYMENT_TARGET = 16.4;
				MTL_ENABLE_DEBUG_INFO = NO;
				MTL_FAST_MATH = YES;
				SDKROOT = iphoneos;
				SWIFT_COMPILATION_MODE = wholemodule;
				SWIFT_OPTIMIZATION_LEVEL = "-O";
				VALIDATE_PRODUCT = YES;
			};
			name = Release;
		};
		909679122A2AE14F0080CB6E /* Debug */ = {
			isa = XCBuildConfiguration;
			buildSettings = {
				ASSETCATALOG_COMPILER_APPICON_NAME = AppIcon;
				ASSETCATALOG_COMPILER_GLOBAL_ACCENT_COLOR_NAME = AccentColor;
				CODE_SIGN_STYLE = Automatic;
				CURRENT_PROJECT_VERSION = 1;
				DEVELOPMENT_ASSET_PATHS = "\"Architecture/Preview Content\"";
				DEVELOPMENT_TEAM = XT62X55PFN;
				ENABLE_PREVIEWS = YES;
				GENERATE_INFOPLIST_FILE = YES;
				INFOPLIST_KEY_UIApplicationSceneManifest_Generation = YES;
				INFOPLIST_KEY_UIApplicationSupportsIndirectInputEvents = YES;
				INFOPLIST_KEY_UILaunchScreen_Generation = YES;
				INFOPLIST_KEY_UISupportedInterfaceOrientations_iPad = "UIInterfaceOrientationPortrait UIInterfaceOrientationPortraitUpsideDown UIInterfaceOrientationLandscapeLeft UIInterfaceOrientationLandscapeRight";
				INFOPLIST_KEY_UISupportedInterfaceOrientations_iPhone = "UIInterfaceOrientationPortrait UIInterfaceOrientationLandscapeLeft UIInterfaceOrientationLandscapeRight";
				LD_RUNPATH_SEARCH_PATHS = (
					"$(inherited)",
					"@executable_path/Frameworks",
				);
				MARKETING_VERSION = 1.0;
				PRODUCT_BUNDLE_IDENTIFIER = jp.tichige.Architecture;
				PRODUCT_NAME = "$(TARGET_NAME)";
				SWIFT_EMIT_LOC_STRINGS = YES;
				SWIFT_VERSION = 5.0;
				TARGETED_DEVICE_FAMILY = "1,2";
			};
			name = Debug;
		};
		909679132A2AE14F0080CB6E /* Release */ = {
			isa = XCBuildConfiguration;
			buildSettings = {
				ASSETCATALOG_COMPILER_APPICON_NAME = AppIcon;
				ASSETCATALOG_COMPILER_GLOBAL_ACCENT_COLOR_NAME = AccentColor;
				CODE_SIGN_STYLE = Automatic;
				CURRENT_PROJECT_VERSION = 1;
				DEVELOPMENT_ASSET_PATHS = "\"Architecture/Preview Content\"";
				DEVELOPMENT_TEAM = XT62X55PFN;
				ENABLE_PREVIEWS = YES;
				GENERATE_INFOPLIST_FILE = YES;
				INFOPLIST_KEY_UIApplicationSceneManifest_Generation = YES;
				INFOPLIST_KEY_UIApplicationSupportsIndirectInputEvents = YES;
				INFOPLIST_KEY_UILaunchScreen_Generation = YES;
				INFOPLIST_KEY_UISupportedInterfaceOrientations_iPad = "UIInterfaceOrientationPortrait UIInterfaceOrientationPortraitUpsideDown UIInterfaceOrientationLandscapeLeft UIInterfaceOrientationLandscapeRight";
				INFOPLIST_KEY_UISupportedInterfaceOrientations_iPhone = "UIInterfaceOrientationPortrait UIInterfaceOrientationLandscapeLeft UIInterfaceOrientationLandscapeRight";
				LD_RUNPATH_SEARCH_PATHS = (
					"$(inherited)",
					"@executable_path/Frameworks",
				);
				MARKETING_VERSION = 1.0;
				PRODUCT_BUNDLE_IDENTIFIER = jp.tichige.Architecture;
				PRODUCT_NAME = "$(TARGET_NAME)";
				SWIFT_EMIT_LOC_STRINGS = YES;
				SWIFT_VERSION = 5.0;
				TARGETED_DEVICE_FAMILY = "1,2";
			};
			name = Release;
		};
/* End XCBuildConfiguration section */

/* Begin XCConfigurationList section */
		909678FE2A2AE14E0080CB6E /* Build configuration list for PBXProject "Architecture" */ = {
			isa = XCConfigurationList;
			buildConfigurations = (
				9096790F2A2AE14F0080CB6E /* Debug */,
				909679102A2AE14F0080CB6E /* Release */,
			);
			defaultConfigurationIsVisible = 0;
			defaultConfigurationName = Release;
		};
		909679112A2AE14F0080CB6E /* Build configuration list for PBXNativeTarget "Architecture" */ = {
			isa = XCConfigurationList;
			buildConfigurations = (
				909679122A2AE14F0080CB6E /* Debug */,
				909679132A2AE14F0080CB6E /* Release */,
			);
			defaultConfigurationIsVisible = 0;
			defaultConfigurationName = Release;
		};
/* End XCConfigurationList section */
	};
	rootObject = 909678FB2A2AE14E0080CB6E /* Project object */;
}
